
Microsoft Visual Studio Solution File, Format Version 12.00
# Visual Studio Version 17
VisualStudioVersion = 17.1.32319.34
MinimumVisualStudioVersion = 10.0.40219.1
Project("{2150E333-8FDC-42A3-9474-1A3956D46DE8}") = "src", "src", "{8988AE70-23E5-4477-9232-C70F2CC58581}"
	ProjectSection(SolutionItems) = preProject
		..\..\Isnet_Resimler.docx = ..\..\Isnet_Resimler.docx
	EndProjectSection
EndProject
Project("{2150E333-8FDC-42A3-9474-1A3956D46DE8}") = "tests", "tests", "{C01CFC28-AC88-4640-A1FF-B7BCEB4B84E3}"
EndProject
Project("{2150E333-8FDC-42A3-9474-1A3956D46DE8}") = "ApiGateways", "ApiGateways", "{A589EA68-99A7-449C-9AC2-6409A78C1153}"
EndProject
Project("{2150E333-8FDC-42A3-9474-1A3956D46DE8}") = "BuildingBlocks", "BuildingBlocks", "{0B9C7F87-FF54-4B55-B5EB-43D2FEDDF622}"
EndProject
Project("{2150E333-8FDC-42A3-9474-1A3956D46DE8}") = "Services", "Services", "{4F852135-6D48-44D2-B64F-2DCC48731A7F}"
EndProject
Project("{2150E333-8FDC-42A3-9474-1A3956D46DE8}") = "BasketService", "BasketService", "{24830734-0C83-4F06-ABBE-AAB538B62F5F}"
EndProject
Project("{2150E333-8FDC-42A3-9474-1A3956D46DE8}") = "OrderService", "OrderService", "{19710FCF-E79A-46C5-98AC-EDE72707F22A}"
EndProject
Project("{2150E333-8FDC-42A3-9474-1A3956D46DE8}") = "ProductService", "ProductService", "{A2AB2FC2-2F70-4FCD-BA54-9D1D4E1736A5}"
EndProject
Project("{2150E333-8FDC-42A3-9474-1A3956D46DE8}") = "WebApiGateway", "WebApiGateway", "{856CE511-2203-46D7-AC7B-815D12C7DAF8}"
EndProject
Project("{9A19103F-16F7-4668-BE54-9A1E7A4F7556}") = "OrderService.Domain", "src\Services\OrderService\OrderService.Domain\OrderService.Domain.csproj", "{1358C8FD-EAE4-4507-B647-D94443842C40}"
EndProject
Project("{9A19103F-16F7-4668-BE54-9A1E7A4F7556}") = "OrderService.Application", "src\Services\OrderService\OrderService.Application\OrderService.Application.csproj", "{2DBC4133-ABF6-40D1-B01E-F22F2B349DB9}"
EndProject
Project("{9A19103F-16F7-4668-BE54-9A1E7A4F7556}") = "OrderService.Infrastructure", "src\Services\OrderService\OrderService.Infrastructure\OrderService.Infrastructure.csproj", "{A7E0221A-599C-4E4F-B4B9-0B4BAB80CB5D}"
EndProject
Project("{9A19103F-16F7-4668-BE54-9A1E7A4F7556}") = "OrderService.Api", "src\Services\OrderService\OrderService.Api\OrderService.Api.csproj", "{C1DC7F98-45D1-429F-87D4-61574BB69A4D}"
EndProject
Project("{9A19103F-16F7-4668-BE54-9A1E7A4F7556}") = "BasketService.Api", "src\Services\BasketService\BasketService.Api\BasketService.Api.csproj", "{F9BAF4D3-60D9-4A4A-A8C5-A66DD5505F57}"
EndProject
Project("{9A19103F-16F7-4668-BE54-9A1E7A4F7556}") = "ProductService.Api", "src\Services\ProductService\ProductService.Api\ProductService.Api.csproj", "{76ADFEDB-C788-419A-B8AB-346667852DD8}"
EndProject
Project("{9A19103F-16F7-4668-BE54-9A1E7A4F7556}") = "Web.ApiGateway", "src\ApiGateways\WebApiGateway\Web.ApiGateway\Web.ApiGateway.csproj", "{D60EA9C0-4002-46C1-AB32-863B1BA5717F}"
EndProject
Project("{2150E333-8FDC-42A3-9474-1A3956D46DE8}") = "IdentityService", "IdentityService", "{6A15D874-541B-4CB7-8206-C8EA82572AD9}"
EndProject
Project("{9A19103F-16F7-4668-BE54-9A1E7A4F7556}") = "IdentityService.Api", "src\Services\IdentityService\IdentityService.Api\IdentityService.Api.csproj", "{8D03E43E-9500-48B1-B1D8-1F594252C34C}"
EndProject
Project("{2150E333-8FDC-42A3-9474-1A3956D46DE8}") = "Application", "Application", "{A059AA57-FD0F-4A68-BD63-9780E68884FF}"
EndProject
Project("{2150E333-8FDC-42A3-9474-1A3956D46DE8}") = "Domain", "Domain", "{00C40106-EE3C-42B8-B4BF-420C8EE1D3B0}"
EndProject
Project("{2150E333-8FDC-42A3-9474-1A3956D46DE8}") = "Infrastructure", "Infrastructure", "{96B2012D-BDE3-4E74-967D-F47F44770872}"
EndProject
Project("{2150E333-8FDC-42A3-9474-1A3956D46DE8}") = "Api", "Api", "{D7843054-69C0-4522-BBD9-D96E19E870C2}"
EndProject
Project("{9A19103F-16F7-4668-BE54-9A1E7A4F7556}") = "Infrastructure.EFCore", "src\BuildingBlocks\Infrastructure\Infrastructure.EFCore\Infrastructure.EFCore.csproj", "{C7D042B2-13ED-4406-AE29-01FD69913C29}"
EndProject
Project("{9A19103F-16F7-4668-BE54-9A1E7A4F7556}") = "Domain.Core", "src\BuildingBlocks\Domain\Domain.Core\Domain.Core.csproj", "{33FCDAF5-1E8D-4A1D-B5F7-85EC01C36909}"
EndProject
Project("{9A19103F-16F7-4668-BE54-9A1E7A4F7556}") = "Application.Core", "src\BuildingBlocks\Application\Application.Core\Application.Core.csproj", "{0B8CDEE2-C24D-4DC2-9178-58F0C2ABEF0A}"
EndProject
Project("{9A19103F-16F7-4668-BE54-9A1E7A4F7556}") = "Api.Core", "src\BuildingBlocks\Api\Api.Core\Api.Core.csproj", "{0B3289EE-A8AA-48BE-AC99-6E0C15077FD9}"
EndProject
Project("{E53339B2-1760-4266-BCC7-CA923CBCF16C}") = "docker-compose", "docker-compose.dcproj", "{7080ABDA-D73F-470E-AB38-AE64DD25CD32}"
EndProject
Global
	GlobalSection(SolutionConfigurationPlatforms) = preSolution
		Debug|Any CPU = Debug|Any CPU
		Release|Any CPU = Release|Any CPU
	EndGlobalSection
	GlobalSection(ProjectConfigurationPlatforms) = postSolution
		{1358C8FD-EAE4-4507-B647-D94443842C40}.Debug|Any CPU.ActiveCfg = Debug|Any CPU
		{1358C8FD-EAE4-4507-B647-D94443842C40}.Debug|Any CPU.Build.0 = Debug|Any CPU
		{1358C8FD-EAE4-4507-B647-D94443842C40}.Release|Any CPU.ActiveCfg = Release|Any CPU
		{1358C8FD-EAE4-4507-B647-D94443842C40}.Release|Any CPU.Build.0 = Release|Any CPU
		{2DBC4133-ABF6-40D1-B01E-F22F2B349DB9}.Debug|Any CPU.ActiveCfg = Debug|Any CPU
		{2DBC4133-ABF6-40D1-B01E-F22F2B349DB9}.Debug|Any CPU.Build.0 = Debug|Any CPU
		{2DBC4133-ABF6-40D1-B01E-F22F2B349DB9}.Release|Any CPU.ActiveCfg = Release|Any CPU
		{2DBC4133-ABF6-40D1-B01E-F22F2B349DB9}.Release|Any CPU.Build.0 = Release|Any CPU
		{A7E0221A-599C-4E4F-B4B9-0B4BAB80CB5D}.Debug|Any CPU.ActiveCfg = Debug|Any CPU
		{A7E0221A-599C-4E4F-B4B9-0B4BAB80CB5D}.Debug|Any CPU.Build.0 = Debug|Any CPU
		{A7E0221A-599C-4E4F-B4B9-0B4BAB80CB5D}.Release|Any CPU.ActiveCfg = Release|Any CPU
		{A7E0221A-599C-4E4F-B4B9-0B4BAB80CB5D}.Release|Any CPU.Build.0 = Release|Any CPU
		{C1DC7F98-45D1-429F-87D4-61574BB69A4D}.Debug|Any CPU.ActiveCfg = Debug|Any CPU
		{C1DC7F98-45D1-429F-87D4-61574BB69A4D}.Debug|Any CPU.Build.0 = Debug|Any CPU
		{C1DC7F98-45D1-429F-87D4-61574BB69A4D}.Release|Any CPU.ActiveCfg = Release|Any CPU
		{C1DC7F98-45D1-429F-87D4-61574BB69A4D}.Release|Any CPU.Build.0 = Release|Any CPU
		{F9BAF4D3-60D9-4A4A-A8C5-A66DD5505F57}.Debug|Any CPU.ActiveCfg = Debug|Any CPU
		{F9BAF4D3-60D9-4A4A-A8C5-A66DD5505F57}.Debug|Any CPU.Build.0 = Debug|Any CPU
		{F9BAF4D3-60D9-4A4A-A8C5-A66DD5505F57}.Release|Any CPU.ActiveCfg = Release|Any CPU
		{F9BAF4D3-60D9-4A4A-A8C5-A66DD5505F57}.Release|Any CPU.Build.0 = Release|Any CPU
		{76ADFEDB-C788-419A-B8AB-346667852DD8}.Debug|Any CPU.ActiveCfg = Debug|Any CPU
		{76ADFEDB-C788-419A-B8AB-346667852DD8}.Debug|Any CPU.Build.0 = Debug|Any CPU
		{76ADFEDB-C788-419A-B8AB-346667852DD8}.Release|Any CPU.ActiveCfg = Release|Any CPU
		{76ADFEDB-C788-419A-B8AB-346667852DD8}.Release|Any CPU.Build.0 = Release|Any CPU
		{D60EA9C0-4002-46C1-AB32-863B1BA5717F}.Debug|Any CPU.ActiveCfg = Debug|Any CPU
		{D60EA9C0-4002-46C1-AB32-863B1BA5717F}.Debug|Any CPU.Build.0 = Debug|Any CPU
		{D60EA9C0-4002-46C1-AB32-863B1BA5717F}.Release|Any CPU.ActiveCfg = Release|Any CPU
		{D60EA9C0-4002-46C1-AB32-863B1BA5717F}.Release|Any CPU.Build.0 = Release|Any CPU
		{8D03E43E-9500-48B1-B1D8-1F594252C34C}.Debug|Any CPU.ActiveCfg = Debug|Any CPU
		{8D03E43E-9500-48B1-B1D8-1F594252C34C}.Debug|Any CPU.Build.0 = Debug|Any CPU
		{8D03E43E-9500-48B1-B1D8-1F594252C34C}.Release|Any CPU.ActiveCfg = Release|Any CPU
		{8D03E43E-9500-48B1-B1D8-1F594252C34C}.Release|Any CPU.Build.0 = Release|Any CPU
		{C7D042B2-13ED-4406-AE29-01FD69913C29}.Debug|Any CPU.ActiveCfg = Debug|Any CPU
		{C7D042B2-13ED-4406-AE29-01FD69913C29}.Debug|Any CPU.Build.0 = Debug|Any CPU
		{C7D042B2-13ED-4406-AE29-01FD69913C29}.Release|Any CPU.ActiveCfg = Release|Any CPU
		{C7D042B2-13ED-4406-AE29-01FD69913C29}.Release|Any CPU.Build.0 = Release|Any CPU
		{33FCDAF5-1E8D-4A1D-B5F7-85EC01C36909}.Debug|Any CPU.ActiveCfg = Debug|Any CPU
		{33FCDAF5-1E8D-4A1D-B5F7-85EC01C36909}.Debug|Any CPU.Build.0 = Debug|Any CPU
		{33FCDAF5-1E8D-4A1D-B5F7-85EC01C36909}.Release|Any CPU.ActiveCfg = Release|Any CPU
		{33FCDAF5-1E8D-4A1D-B5F7-85EC01C36909}.Release|Any CPU.Build.0 = Release|Any CPU
		{0B8CDEE2-C24D-4DC2-9178-58F0C2ABEF0A}.Debug|Any CPU.ActiveCfg = Debug|Any CPU
		{0B8CDEE2-C24D-4DC2-9178-58F0C2ABEF0A}.Debug|Any CPU.Build.0 = Debug|Any CPU
		{0B8CDEE2-C24D-4DC2-9178-58F0C2ABEF0A}.Release|Any CPU.ActiveCfg = Release|Any CPU
		{0B8CDEE2-C24D-4DC2-9178-58F0C2ABEF0A}.Release|Any CPU.Build.0 = Release|Any CPU
		{0B3289EE-A8AA-48BE-AC99-6E0C15077FD9}.Debug|Any CPU.ActiveCfg = Debug|Any CPU
		{0B3289EE-A8AA-48BE-AC99-6E0C15077FD9}.Debug|Any CPU.Build.0 = Debug|Any CPU
		{0B3289EE-A8AA-48BE-AC99-6E0C15077FD9}.Release|Any CPU.ActiveCfg = Release|Any CPU
		{0B3289EE-A8AA-48BE-AC99-6E0C15077FD9}.Release|Any CPU.Build.0 = Release|Any CPU
		{7080ABDA-D73F-470E-AB38-AE64DD25CD32}.Debug|Any CPU.ActiveCfg = Debug|Any CPU
		{7080ABDA-D73F-470E-AB38-AE64DD25CD32}.Debug|Any CPU.Build.0 = Debug|Any CPU
		{7080ABDA-D73F-470E-AB38-AE64DD25CD32}.Release|Any CPU.ActiveCfg = Release|Any CPU
		{7080ABDA-D73F-470E-AB38-AE64DD25CD32}.Release|Any CPU.Build.0 = Release|Any CPU
	EndGlobalSection
	GlobalSection(SolutionProperties) = preSolution
		HideSolutionNode = FALSE
	EndGlobalSection
	GlobalSection(NestedProjects) = preSolution
		{A589EA68-99A7-449C-9AC2-6409A78C1153} = {8988AE70-23E5-4477-9232-C70F2CC58581}
		{0B9C7F87-FF54-4B55-B5EB-43D2FEDDF622} = {8988AE70-23E5-4477-9232-C70F2CC58581}
		{4F852135-6D48-44D2-B64F-2DCC48731A7F} = {8988AE70-23E5-4477-9232-C70F2CC58581}
		{24830734-0C83-4F06-ABBE-AAB538B62F5F} = {4F852135-6D48-44D2-B64F-2DCC48731A7F}
		{19710FCF-E79A-46C5-98AC-EDE72707F22A} = {4F852135-6D48-44D2-B64F-2DCC48731A7F}
		{A2AB2FC2-2F70-4FCD-BA54-9D1D4E1736A5} = {4F852135-6D48-44D2-B64F-2DCC48731A7F}
		{856CE511-2203-46D7-AC7B-815D12C7DAF8} = {A589EA68-99A7-449C-9AC2-6409A78C1153}
		{1358C8FD-EAE4-4507-B647-D94443842C40} = {19710FCF-E79A-46C5-98AC-EDE72707F22A}
		{2DBC4133-ABF6-40D1-B01E-F22F2B349DB9} = {19710FCF-E79A-46C5-98AC-EDE72707F22A}
		{A7E0221A-599C-4E4F-B4B9-0B4BAB80CB5D} = {19710FCF-E79A-46C5-98AC-EDE72707F22A}
		{C1DC7F98-45D1-429F-87D4-61574BB69A4D} = {19710FCF-E79A-46C5-98AC-EDE72707F22A}
		{F9BAF4D3-60D9-4A4A-A8C5-A66DD5505F57} = {24830734-0C83-4F06-ABBE-AAB538B62F5F}
		{76ADFEDB-C788-419A-B8AB-346667852DD8} = {A2AB2FC2-2F70-4FCD-BA54-9D1D4E1736A5}
		{D60EA9C0-4002-46C1-AB32-863B1BA5717F} = {856CE511-2203-46D7-AC7B-815D12C7DAF8}
		{6A15D874-541B-4CB7-8206-C8EA82572AD9} = {4F852135-6D48-44D2-B64F-2DCC48731A7F}
		{8D03E43E-9500-48B1-B1D8-1F594252C34C} = {6A15D874-541B-4CB7-8206-C8EA82572AD9}
		{A059AA57-FD0F-4A68-BD63-9780E68884FF} = {0B9C7F87-FF54-4B55-B5EB-43D2FEDDF622}
		{00C40106-EE3C-42B8-B4BF-420C8EE1D3B0} = {0B9C7F87-FF54-4B55-B5EB-43D2FEDDF622}
		{96B2012D-BDE3-4E74-967D-F47F44770872} = {0B9C7F87-FF54-4B55-B5EB-43D2FEDDF622}
		{D7843054-69C0-4522-BBD9-D96E19E870C2} = {0B9C7F87-FF54-4B55-B5EB-43D2FEDDF622}
		{C7D042B2-13ED-4406-AE29-01FD69913C29} = {96B2012D-BDE3-4E74-967D-F47F44770872}
		{33FCDAF5-1E8D-4A1D-B5F7-85EC01C36909} = {00C40106-EE3C-42B8-B4BF-420C8EE1D3B0}
		{0B8CDEE2-C24D-4DC2-9178-58F0C2ABEF0A} = {A059AA57-FD0F-4A68-BD63-9780E68884FF}
		{0B3289EE-A8AA-48BE-AC99-6E0C15077FD9} = {D7843054-69C0-4522-BBD9-D96E19E870C2}
	EndGlobalSection
	GlobalSection(ExtensibilityGlobals) = postSolution
		SolutionGuid = {DC37446D-13EE-4BAE-843E-1ECD0728A1A1}
	EndGlobalSection
EndGlobal
